
Microsoft Visual Studio Solution File, Format Version 12.00
# Visual Studio Version 17
VisualStudioVersion = 17.7.34009.444
MinimumVisualStudioVersion = 10.0.40219.1
Project("{FAE04EC0-301F-11D3-BF4B-00C04F79EFBC}") = "GestionClientes", "GestionClientes\GestionClientes.csproj", "{8DF5BDEE-7D0A-40B3-B290-43B1D45A67B3}"
EndProject
Global
	GlobalSection(SolutionConfigurationPlatforms) = preSolution
		Debug|Any CPU = Debug|Any CPU
		Release|Any CPU = Release|Any CPU
	EndGlobalSection
	GlobalSection(ProjectConfigurationPlatforms) = postSolution
		{8DF5BDEE-7D0A-40B3-B290-43B1D45A67B3}.Debug|Any CPU.ActiveCfg = Debug|Any CPU
		{8DF5BDEE-7D0A-40B3-B290-43B1D45A67B3}.Debug|Any CPU.Build.0 = Debug|Any CPU
		{8DF5BDEE-7D0A-40B3-B290-43B1D45A67B3}.Release|Any CPU.ActiveCfg = Release|Any CPU
		{8DF5BDEE-7D0A-40B3-B290-43B1D45A67B3}.Release|Any CPU.Build.0 = Release|Any CPU
	EndGlobalSection
	GlobalSection(SolutionProperties) = preSolution
		HideSolutionNode = FALSE
	EndGlobalSection
	GlobalSection(ExtensibilityGlobals) = postSolution
		SolutionGuid = {5F733490-F7E9-4AFA-812A-4F00697BE55C}
	EndGlobalSection
EndGlobal
